
Microsoft Visual Studio Solution File, Format Version 12.00
Project("{FAE04EC0-301F-11D3-BF4B-00C04F79EFBC}") = "arrays", "arrays\arrays.csproj", "{6CF3BC3D-7D7D-426B-9DB2-67B60C67917E}"
EndProject
Project("{FAE04EC0-301F-11D3-BF4B-00C04F79EFBC}") = "methods", "methods\methods.csproj", "{52A40F2D-1B6E-464A-BB87-51D0FE281F3C}"
EndProject
Project("{FAE04EC0-301F-11D3-BF4B-00C04F79EFBC}") = "classes", "classes\classes.csproj", "{7279F780-2203-4F98-A384-38B2558AB8D6}"
EndProject
Project("{FAE04EC0-301F-11D3-BF4B-00C04F79EFBC}") = "interfaces", "interfaces\interfaces.csproj", "{6212BA8B-5F39-4757-8B11-987A50C23BDA}"
EndProject
Global
	GlobalSection(SolutionConfigurationPlatforms) = preSolution
		Debug|Any CPU = Debug|Any CPU
		Release|Any CPU = Release|Any CPU
	EndGlobalSection
	GlobalSection(ProjectConfigurationPlatforms) = postSolution
		{6CF3BC3D-7D7D-426B-9DB2-67B60C67917E}.Debug|Any CPU.ActiveCfg = Debug|Any CPU
		{6CF3BC3D-7D7D-426B-9DB2-67B60C67917E}.Debug|Any CPU.Build.0 = Debug|Any CPU
		{6CF3BC3D-7D7D-426B-9DB2-67B60C67917E}.Release|Any CPU.ActiveCfg = Release|Any CPU
		{6CF3BC3D-7D7D-426B-9DB2-67B60C67917E}.Release|Any CPU.Build.0 = Release|Any CPU
		{52A40F2D-1B6E-464A-BB87-51D0FE281F3C}.Debug|Any CPU.ActiveCfg = Debug|Any CPU
		{52A40F2D-1B6E-464A-BB87-51D0FE281F3C}.Debug|Any CPU.Build.0 = Debug|Any CPU
		{52A40F2D-1B6E-464A-BB87-51D0FE281F3C}.Release|Any CPU.ActiveCfg = Release|Any CPU
		{52A40F2D-1B6E-464A-BB87-51D0FE281F3C}.Release|Any CPU.Build.0 = Release|Any CPU
		{7279F780-2203-4F98-A384-38B2558AB8D6}.Debug|Any CPU.ActiveCfg = Debug|Any CPU
		{7279F780-2203-4F98-A384-38B2558AB8D6}.Debug|Any CPU.Build.0 = Debug|Any CPU
		{7279F780-2203-4F98-A384-38B2558AB8D6}.Release|Any CPU.ActiveCfg = Release|Any CPU
		{7279F780-2203-4F98-A384-38B2558AB8D6}.Release|Any CPU.Build.0 = Release|Any CPU
		{6212BA8B-5F39-4757-8B11-987A50C23BDA}.Debug|Any CPU.ActiveCfg = Debug|Any CPU
		{6212BA8B-5F39-4757-8B11-987A50C23BDA}.Debug|Any CPU.Build.0 = Debug|Any CPU
		{6212BA8B-5F39-4757-8B11-987A50C23BDA}.Release|Any CPU.ActiveCfg = Release|Any CPU
		{6212BA8B-5F39-4757-8B11-987A50C23BDA}.Release|Any CPU.Build.0 = Release|Any CPU
	EndGlobalSection
EndGlobal
